// !$*UTF8*$!
{
	archiveVersion = 1;
	classes = {
	};
	objectVersion = 46;
	objects = {

/* Begin PBXBuildFile section */
		15ECE52D190AED4E006B9751 /* MapKit.framework in Frameworks */ = {isa = PBXBuildFile; fileRef = 15ECE52C190AED4E006B9751 /* MapKit.framework */; };
		E6E41FA8190AEC9400A5F073 /* Foundation.framework in Frameworks */ = {isa = PBXBuildFile; fileRef = E6E41FA7190AEC9400A5F073 /* Foundation.framework */; };
		E6E41FAA190AEC9400A5F073 /* CoreGraphics.framework in Frameworks */ = {isa = PBXBuildFile; fileRef = E6E41FA9190AEC9400A5F073 /* CoreGraphics.framework */; };
		E6E41FAC190AEC9400A5F073 /* UIKit.framework in Frameworks */ = {isa = PBXBuildFile; fileRef = E6E41FAB190AEC9400A5F073 /* UIKit.framework */; };
		E6E41FB2190AEC9400A5F073 /* InfoPlist.strings in Resources */ = {isa = PBXBuildFile; fileRef = E6E41FB0190AEC9400A5F073 /* InfoPlist.strings */; };
		E6E41FB4190AEC9400A5F073 /* main.m in Sources */ = {isa = PBXBuildFile; fileRef = E6E41FB3190AEC9400A5F073 /* main.m */; };
		E6E41FB8190AEC9400A5F073 /* GrafittAppAppDelegate.m in Sources */ = {isa = PBXBuildFile; fileRef = E6E41FB7190AEC9400A5F073 /* GrafittAppAppDelegate.m */; };
		E6E41FBB190AEC9400A5F073 /* Main.storyboard in Resources */ = {isa = PBXBuildFile; fileRef = E6E41FB9190AEC9400A5F073 /* Main.storyboard */; };
		E6E41FBE190AEC9400A5F073 /* GrafittAppViewController.m in Sources */ = {isa = PBXBuildFile; fileRef = E6E41FBD190AEC9400A5F073 /* GrafittAppViewController.m */; };
		E6E41FC0190AEC9400A5F073 /* Images.xcassets in Resources */ = {isa = PBXBuildFile; fileRef = E6E41FBF190AEC9400A5F073 /* Images.xcassets */; };
		E6E41FC7190AEC9400A5F073 /* XCTest.framework in Frameworks */ = {isa = PBXBuildFile; fileRef = E6E41FC6190AEC9400A5F073 /* XCTest.framework */; };
		E6E41FC8190AEC9400A5F073 /* Foundation.framework in Frameworks */ = {isa = PBXBuildFile; fileRef = E6E41FA7190AEC9400A5F073 /* Foundation.framework */; };
		E6E41FC9190AEC9400A5F073 /* UIKit.framework in Frameworks */ = {isa = PBXBuildFile; fileRef = E6E41FAB190AEC9400A5F073 /* UIKit.framework */; };
		E6E41FD1190AEC9400A5F073 /* InfoPlist.strings in Resources */ = {isa = PBXBuildFile; fileRef = E6E41FCF190AEC9400A5F073 /* InfoPlist.strings */; };
		E6E41FD3190AEC9400A5F073 /* Graffiti_AppTests.m in Sources */ = {isa = PBXBuildFile; fileRef = E6E41FD2190AEC9400A5F073 /* Graffiti_AppTests.m */; };
/* End PBXBuildFile section */

/* Begin PBXContainerItemProxy section */
		E6E41FCA190AEC9400A5F073 /* PBXContainerItemProxy */ = {
			isa = PBXContainerItemProxy;
			containerPortal = E6E41F9C190AEC9400A5F073 /* Project object */;
			proxyType = 1;
			remoteGlobalIDString = E6E41FA3190AEC9400A5F073;
			remoteInfo = "Graffiti App";
		};
/* End PBXContainerItemProxy section */

/* Begin PBXFileReference section */
		15ECE52C190AED4E006B9751 /* MapKit.framework */ = {isa = PBXFileReference; lastKnownFileType = wrapper.framework; name = MapKit.framework; path = System/Library/Frameworks/MapKit.framework; sourceTree = SDKROOT; };
		E6E41FA4190AEC9400A5F073 /* Graffiti App.app */ = {isa = PBXFileReference; explicitFileType = wrapper.application; includeInIndex = 0; path = "Graffiti App.app"; sourceTree = BUILT_PRODUCTS_DIR; };
		E6E41FA7190AEC9400A5F073 /* Foundation.framework */ = {isa = PBXFileReference; lastKnownFileType = wrapper.framework; name = Foundation.framework; path = System/Library/Frameworks/Foundation.framework; sourceTree = SDKROOT; };
		E6E41FA9190AEC9400A5F073 /* CoreGraphics.framework */ = {isa = PBXFileReference; lastKnownFileType = wrapper.framework; name = CoreGraphics.framework; path = System/Library/Frameworks/CoreGraphics.framework; sourceTree = SDKROOT; };
		E6E41FAB190AEC9400A5F073 /* UIKit.framework */ = {isa = PBXFileReference; lastKnownFileType = wrapper.framework; name = UIKit.framework; path = System/Library/Frameworks/UIKit.framework; sourceTree = SDKROOT; };
		E6E41FAF190AEC9400A5F073 /* Graffiti App-Info.plist */ = {isa = PBXFileReference; lastKnownFileType = text.plist.xml; path = "Graffiti App-Info.plist"; sourceTree = "<group>"; };
		E6E41FB1190AEC9400A5F073 /* en */ = {isa = PBXFileReference; lastKnownFileType = text.plist.strings; name = en; path = en.lproj/InfoPlist.strings; sourceTree = "<group>"; };
		E6E41FB3190AEC9400A5F073 /* main.m */ = {isa = PBXFileReference; lastKnownFileType = sourcecode.c.objc; path = main.m; sourceTree = "<group>"; };
		E6E41FB5190AEC9400A5F073 /* Graffiti App-Prefix.pch */ = {isa = PBXFileReference; lastKnownFileType = sourcecode.c.h; path = "Graffiti App-Prefix.pch"; sourceTree = "<group>"; };
		E6E41FB6190AEC9400A5F073 /* GrafittAppAppDelegate.h */ = {isa = PBXFileReference; lastKnownFileType = sourcecode.c.h; path = GrafittAppAppDelegate.h; sourceTree = "<group>"; };
		E6E41FB7190AEC9400A5F073 /* GrafittAppAppDelegate.m */ = {isa = PBXFileReference; lastKnownFileType = sourcecode.c.objc; path = GrafittAppAppDelegate.m; sourceTree = "<group>"; };
		E6E41FBA190AEC9400A5F073 /* Base */ = {isa = PBXFileReference; lastKnownFileType = file.storyboard; name = Base; path = Base.lproj/Main.storyboard; sourceTree = "<group>"; };
		E6E41FBC190AEC9400A5F073 /* GrafittAppViewController.h */ = {isa = PBXFileReference; lastKnownFileType = sourcecode.c.h; path = GrafittAppViewController.h; sourceTree = "<group>"; };
		E6E41FBD190AEC9400A5F073 /* GrafittAppViewController.m */ = {isa = PBXFileReference; lastKnownFileType = sourcecode.c.objc; path = GrafittAppViewController.m; sourceTree = "<group>"; };
		E6E41FBF190AEC9400A5F073 /* Images.xcassets */ = {isa = PBXFileReference; lastKnownFileType = folder.assetcatalog; path = Images.xcassets; sourceTree = "<group>"; };
		E6E41FC5190AEC9400A5F073 /* Graffiti AppTests.xctest */ = {isa = PBXFileReference; explicitFileType = wrapper.cfbundle; includeInIndex = 0; path = "Graffiti AppTests.xctest"; sourceTree = BUILT_PRODUCTS_DIR; };
		E6E41FC6190AEC9400A5F073 /* XCTest.framework */ = {isa = PBXFileReference; lastKnownFileType = wrapper.framework; name = XCTest.framework; path = Library/Frameworks/XCTest.framework; sourceTree = DEVELOPER_DIR; };
		E6E41FCE190AEC9400A5F073 /* Graffiti AppTests-Info.plist */ = {isa = PBXFileReference; lastKnownFileType = text.plist.xml; path = "Graffiti AppTests-Info.plist"; sourceTree = "<group>"; };
		E6E41FD0190AEC9400A5F073 /* en */ = {isa = PBXFileReference; lastKnownFileType = text.plist.strings; name = en; path = en.lproj/InfoPlist.strings; sourceTree = "<group>"; };
		E6E41FD2190AEC9400A5F073 /* Graffiti_AppTests.m */ = {isa = PBXFileReference; lastKnownFileType = sourcecode.c.objc; path = Graffiti_AppTests.m; sourceTree = "<group>"; };
/* End PBXFileReference section */

/* Begin PBXFrameworksBuildPhase section */
		E6E41FA1190AEC9400A5F073 /* Frameworks */ = {
			isa = PBXFrameworksBuildPhase;
			buildActionMask = 2147483647;
			files = (
				15ECE52D190AED4E006B9751 /* MapKit.framework in Frameworks */,
				E6E41FAA190AEC9400A5F073 /* CoreGraphics.framework in Frameworks */,
				E6E41FAC190AEC9400A5F073 /* UIKit.framework in Frameworks */,
				E6E41FA8190AEC9400A5F073 /* Foundation.framework in Frameworks */,
			);
			runOnlyForDeploymentPostprocessing = 0;
		};
		E6E41FC2190AEC9400A5F073 /* Frameworks */ = {
			isa = PBXFrameworksBuildPhase;
			buildActionMask = 2147483647;
			files = (
				E6E41FC7190AEC9400A5F073 /* XCTest.framework in Frameworks */,
				E6E41FC9190AEC9400A5F073 /* UIKit.framework in Frameworks */,
				E6E41FC8190AEC9400A5F073 /* Foundation.framework in Frameworks */,
			);
			runOnlyForDeploymentPostprocessing = 0;
		};
/* End PBXFrameworksBuildPhase section */

/* Begin PBXGroup section */
		E6E41F9B190AEC9400A5F073 = {
			isa = PBXGroup;
			children = (
				E6E41FAD190AEC9400A5F073 /* Graffiti App */,
				E6E41FCC190AEC9400A5F073 /* Graffiti AppTests */,
				E6E41FA6190AEC9400A5F073 /* Frameworks */,
				E6E41FA5190AEC9400A5F073 /* Products */,
			);
			sourceTree = "<group>";
		};
		E6E41FA5190AEC9400A5F073 /* Products */ = {
			isa = PBXGroup;
			children = (
				E6E41FA4190AEC9400A5F073 /* Graffiti App.app */,
				E6E41FC5190AEC9400A5F073 /* Graffiti AppTests.xctest */,
			);
			name = Products;
			sourceTree = "<group>";
		};
		E6E41FA6190AEC9400A5F073 /* Frameworks */ = {
			isa = PBXGroup;
			children = (
				15ECE52C190AED4E006B9751 /* MapKit.framework */,
				E6E41FA7190AEC9400A5F073 /* Foundation.framework */,
				E6E41FA9190AEC9400A5F073 /* CoreGraphics.framework */,
				E6E41FAB190AEC9400A5F073 /* UIKit.framework */,
				E6E41FC6190AEC9400A5F073 /* XCTest.framework */,
			);
			name = Frameworks;
			sourceTree = "<group>";
		};
		E6E41FAD190AEC9400A5F073 /* Graffiti App */ = {
			isa = PBXGroup;
			children = (
				E6E41FB6190AEC9400A5F073 /* GrafittAppAppDelegate.h */,
				E6E41FB7190AEC9400A5F073 /* GrafittAppAppDelegate.m */,
				E6E41FB9190AEC9400A5F073 /* Main.storyboard */,
				E6E41FBC190AEC9400A5F073 /* GrafittAppViewController.h */,
				E6E41FBD190AEC9400A5F073 /* GrafittAppViewController.m */,
				E6E41FBF190AEC9400A5F073 /* Images.xcassets */,
				E6E41FAE190AEC9400A5F073 /* Supporting Files */,
			);
			path = "Graffiti App";
			sourceTree = "<group>";
		};
		E6E41FAE190AEC9400A5F073 /* Supporting Files */ = {
			isa = PBXGroup;
			children = (
				E6E41FAF190AEC9400A5F073 /* Graffiti App-Info.plist */,
				E6E41FB0190AEC9400A5F073 /* InfoPlist.strings */,
				E6E41FB3190AEC9400A5F073 /* main.m */,
				E6E41FB5190AEC9400A5F073 /* Graffiti App-Prefix.pch */,
			);
			name = "Supporting Files";
			sourceTree = "<group>";
		};
		E6E41FCC190AEC9400A5F073 /* Graffiti AppTests */ = {
			isa = PBXGroup;
			children = (
				E6E41FD2190AEC9400A5F073 /* Graffiti_AppTests.m */,
				E6E41FCD190AEC9400A5F073 /* Supporting Files */,
			);
			path = "Graffiti AppTests";
			sourceTree = "<group>";
		};
		E6E41FCD190AEC9400A5F073 /* Supporting Files */ = {
			isa = PBXGroup;
			children = (
				E6E41FCE190AEC9400A5F073 /* Graffiti AppTests-Info.plist */,
				E6E41FCF190AEC9400A5F073 /* InfoPlist.strings */,
			);
			name = "Supporting Files";
			sourceTree = "<group>";
		};
/* End PBXGroup section */

/* Begin PBXNativeTarget section */
		E6E41FA3190AEC9400A5F073 /* Graffiti App */ = {
			isa = PBXNativeTarget;
			buildConfigurationList = E6E41FD6190AEC9400A5F073 /* Build configuration list for PBXNativeTarget "Graffiti App" */;
			buildPhases = (
				E6E41FA0190AEC9400A5F073 /* Sources */,
				E6E41FA1190AEC9400A5F073 /* Frameworks */,
				E6E41FA2190AEC9400A5F073 /* Resources */,
			);
			buildRules = (
			);
			dependencies = (
			);
			name = "Graffiti App";
			productName = "Graffiti App";
			productReference = E6E41FA4190AEC9400A5F073 /* Graffiti App.app */;
			productType = "com.apple.product-type.application";
		};
		E6E41FC4190AEC9400A5F073 /* Graffiti AppTests */ = {
			isa = PBXNativeTarget;
			buildConfigurationList = E6E41FD9190AEC9400A5F073 /* Build configuration list for PBXNativeTarget "Graffiti AppTests" */;
			buildPhases = (
				E6E41FC1190AEC9400A5F073 /* Sources */,
				E6E41FC2190AEC9400A5F073 /* Frameworks */,
				E6E41FC3190AEC9400A5F073 /* Resources */,
			);
			buildRules = (
			);
			dependencies = (
				E6E41FCB190AEC9400A5F073 /* PBXTargetDependency */,
			);
			name = "Graffiti AppTests";
			productName = "Graffiti AppTests";
			productReference = E6E41FC5190AEC9400A5F073 /* Graffiti AppTests.xctest */;
			productType = "com.apple.product-type.bundle.unit-test";
		};
/* End PBXNativeTarget section */

/* Begin PBXProject section */
		E6E41F9C190AEC9400A5F073 /* Project object */ = {
			isa = PBXProject;
			attributes = {
				CLASSPREFIX = GrafittApp;
				LastUpgradeCheck = 0510;
				ORGANIZATIONNAME = WesHack;
				TargetAttributes = {
					E6E41FC4190AEC9400A5F073 = {
						TestTargetID = E6E41FA3190AEC9400A5F073;
					};
				};
			};
			buildConfigurationList = E6E41F9F190AEC9400A5F073 /* Build configuration list for PBXProject "Graffiti App" */;
			compatibilityVersion = "Xcode 3.2";
			developmentRegion = English;
			hasScannedForEncodings = 0;
			knownRegions = (
				en,
				Base,
			);
			mainGroup = E6E41F9B190AEC9400A5F073;
			productRefGroup = E6E41FA5190AEC9400A5F073 /* Products */;
			projectDirPath = "";
			projectRoot = "";
			targets = (
				E6E41FA3190AEC9400A5F073 /* Graffiti App */,
				E6E41FC4190AEC9400A5F073 /* Graffiti AppTests */,
			);
		};
/* End PBXProject section */

/* Begin PBXResourcesBuildPhase section */
		E6E41FA2190AEC9400A5F073 /* Resources */ = {
			isa = PBXResourcesBuildPhase;
			buildActionMask = 2147483647;
			files = (
				E6E41FC0190AEC9400A5F073 /* Images.xcassets in Resources */,
				E6E41FB2190AEC9400A5F073 /* InfoPlist.strings in Resources */,
				E6E41FBB190AEC9400A5F073 /* Main.storyboard in Resources */,
			);
			runOnlyForDeploymentPostprocessing = 0;
		};
		E6E41FC3190AEC9400A5F073 /* Resources */ = {
			isa = PBXResourcesBuildPhase;
			buildActionMask = 2147483647;
			files = (
				E6E41FD1190AEC9400A5F073 /* InfoPlist.strings in Resources */,
			);
			runOnlyForDeploymentPostprocessing = 0;
		};
/* End PBXResourcesBuildPhase section */

/* Begin PBXSourcesBuildPhase section */
		E6E41FA0190AEC9400A5F073 /* Sources */ = {
			isa = PBXSourcesBuildPhase;
			buildActionMask = 2147483647;
			files = (
				E6E41FB8190AEC9400A5F073 /* GrafittAppAppDelegate.m in Sources */,
				E6E41FB4190AEC9400A5F073 /* main.m in Sources */,
				E6E41FBE190AEC9400A5F073 /* GrafittAppViewController.m in Sources */,
			);
			runOnlyForDeploymentPostprocessing = 0;
		};
		E6E41FC1190AEC9400A5F073 /* Sources */ = {
			isa = PBXSourcesBuildPhase;
			buildActionMask = 2147483647;
			files = (
				E6E41FD3190AEC9400A5F073 /* Graffiti_AppTests.m in Sources */,
			);
			runOnlyForDeploymentPostprocessing = 0;
		};
/* End PBXSourcesBuildPhase section */

/* Begin PBXTargetDependency section */
		E6E41FCB190AEC9400A5F073 /* PBXTargetDependency */ = {
			isa = PBXTargetDependency;
			target = E6E41FA3190AEC9400A5F073 /* Graffiti App */;
			targetProxy = E6E41FCA190AEC9400A5F073 /* PBXContainerItemProxy */;
		};
/* End PBXTargetDependency section */

/* Begin PBXVariantGroup section */
		E6E41FB0190AEC9400A5F073 /* InfoPlist.strings */ = {
			isa = PBXVariantGroup;
			children = (
				E6E41FB1190AEC9400A5F073 /* en */,
			);
			name = InfoPlist.strings;
			sourceTree = "<group>";
		};
		E6E41FB9190AEC9400A5F073 /* Main.storyboard */ = {
			isa = PBXVariantGroup;
			children = (
				E6E41FBA190AEC9400A5F073 /* Base */,
			);
			name = Main.storyboard;
			sourceTree = "<group>";
		};
		E6E41FCF190AEC9400A5F073 /* InfoPlist.strings */ = {
			isa = PBXVariantGroup;
			children = (
				E6E41FD0190AEC9400A5F073 /* en */,
			);
			name = InfoPlist.strings;
			sourceTree = "<group>";
		};
/* End PBXVariantGroup section */

/* Begin XCBuildConfiguration section */
		E6E41FD4190AEC9400A5F073 /* Debug */ = {
			isa = XCBuildConfiguration;
			buildSettings = {
				ALWAYS_SEARCH_USER_PATHS = NO;
				CLANG_CXX_LANGUAGE_STANDARD = "gnu++0x";
				CLANG_CXX_LIBRARY = "libc++";
				CLANG_ENABLE_MODULES = YES;
				CLANG_ENABLE_OBJC_ARC = YES;
				CLANG_WARN_BOOL_CONVERSION = YES;
				CLANG_WARN_CONSTANT_CONVERSION = YES;
				CLANG_WARN_DIRECT_OBJC_ISA_USAGE = YES_ERROR;
				CLANG_WARN_EMPTY_BODY = YES;
				CLANG_WARN_ENUM_CONVERSION = YES;
				CLANG_WARN_INT_CONVERSION = YES;
				CLANG_WARN_OBJC_ROOT_CLASS = YES_ERROR;
				CLANG_WARN__DUPLICATE_METHOD_MATCH = YES;
				"CODE_SIGN_IDENTITY[sdk=iphoneos*]" = "iPhone Developer";
				COPY_PHASE_STRIP = NO;
				GCC_C_LANGUAGE_STANDARD = gnu99;
				GCC_DYNAMIC_NO_PIC = NO;
				GCC_OPTIMIZATION_LEVEL = 0;
				GCC_PREPROCESSOR_DEFINITIONS = (
					"DEBUG=1",
					"$(inherited)",
				);
				GCC_SYMBOLS_PRIVATE_EXTERN = NO;
				GCC_WARN_64_TO_32_BIT_CONVERSION = YES;
				GCC_WARN_ABOUT_RETURN_TYPE = YES_ERROR;
				GCC_WARN_UNDECLARED_SELECTOR = YES;
				GCC_WARN_UNINITIALIZED_AUTOS = YES_AGGRESSIVE;
				GCC_WARN_UNUSED_FUNCTION = YES;
				GCC_WARN_UNUSED_VARIABLE = YES;
				IPHONEOS_DEPLOYMENT_TARGET = 7.1;
				ONLY_ACTIVE_ARCH = YES;
				SDKROOT = iphoneos;
			};
			name = Debug;
		};
		E6E41FD5190AEC9400A5F073 /* Release */ = {
			isa = XCBuildConfiguration;
			buildSettings = {
				ALWAYS_SEARCH_USER_PATHS = NO;
				CLANG_CXX_LANGUAGE_STANDARD = "gnu++0x";
				CLANG_CXX_LIBRARY = "libc++";
				CLANG_ENABLE_MODULES = YES;
				CLANG_ENABLE_OBJC_ARC = YES;
				CLANG_WARN_BOOL_CONVERSION = YES;
				CLANG_WARN_CONSTANT_CONVERSION = YES;
				CLANG_WARN_DIRECT_OBJC_ISA_USAGE = YES_ERROR;
				CLANG_WARN_EMPTY_BODY = YES;
				CLANG_WARN_ENUM_CONVERSION = YES;
				CLANG_WARN_INT_CONVERSION = YES;
				CLANG_WARN_OBJC_ROOT_CLASS = YES_ERROR;
				CLANG_WARN__DUPLICATE_METHOD_MATCH = YES;
				"CODE_SIGN_IDENTITY[sdk=iphoneos*]" = "iPhone Developer";
				COPY_PHASE_STRIP = YES;
				ENABLE_NS_ASSERTIONS = NO;
				GCC_C_LANGUAGE_STANDARD = gnu99;
				GCC_WARN_64_TO_32_BIT_CONVERSION = YES;
				GCC_WARN_ABOUT_RETURN_TYPE = YES_ERROR;
				GCC_WARN_UNDECLARED_SELECTOR = YES;
				GCC_WARN_UNINITIALIZED_AUTOS = YES_AGGRESSIVE;
				GCC_WARN_UNUSED_FUNCTION = YES;
				GCC_WARN_UNUSED_VARIABLE = YES;
				IPHONEOS_DEPLOYMENT_TARGET = 7.1;
				SDKROOT = iphoneos;
				VALIDATE_PRODUCT = YES;
			};
			name = Release;
		};
		E6E41FD7190AEC9400A5F073 /* Debug */ = {
			isa = XCBuildConfiguration;
			buildSettings = {
				ASSETCATALOG_COMPILER_APPICON_NAME = AppIcon;
				ASSETCATALOG_COMPILER_LAUNCHIMAGE_NAME = LaunchImage;
				GCC_PRECOMPILE_PREFIX_HEADER = YES;
				GCC_PREFIX_HEADER = "Graffiti App/Graffiti App-Prefix.pch";
				INFOPLIST_FILE = "Graffiti App/Graffiti App-Info.plist";
				PRODUCT_NAME = "$(TARGET_NAME)";
				WRAPPER_EXTENSION = app;
			};
			name = Debug;
		};
		E6E41FD8190AEC9400A5F073 /* Release */ = {
			isa = XCBuildConfiguration;
			buildSettings = {
				ASSETCATALOG_COMPILER_APPICON_NAME = AppIcon;
				ASSETCATALOG_COMPILER_LAUNCHIMAGE_NAME = LaunchImage;
				GCC_PRECOMPILE_PREFIX_HEADER = YES;
				GCC_PREFIX_HEADER = "Graffiti App/Graffiti App-Prefix.pch";
				INFOPLIST_FILE = "Graffiti App/Graffiti App-Info.plist";
				PRODUCT_NAME = "$(TARGET_NAME)";
				WRAPPER_EXTENSION = app;
			};
			name = Release;
		};
		E6E41FDA190AEC9400A5F073 /* Debug */ = {
			isa = XCBuildConfiguration;
			buildSettings = {
				BUNDLE_LOADER = "$(BUILT_PRODUCTS_DIR)/Graffiti App.app/Graffiti App";
				FRAMEWORK_SEARCH_PATHS = (
					"$(SDKROOT)/Developer/Library/Frameworks",
					"$(inherited)",
					"$(DEVELOPER_FRAMEWORKS_DIR)",
				);
				GCC_PRECOMPILE_PREFIX_HEADER = YES;
				GCC_PREFIX_HEADER = "Graffiti App/Graffiti App-Prefix.pch";
				GCC_PREPROCESSOR_DEFINITIONS = (
					"DEBUG=1",
					"$(inherited)",
				);
				INFOPLIST_FILE = "Graffiti AppTests/Graffiti AppTests-Info.plist";
				PRODUCT_NAME = "$(TARGET_NAME)";
				TEST_HOST = "$(BUNDLE_LOADER)";
				WRAPPER_EXTENSION = xctest;
			};
			name = Debug;
		};
		E6E41FDB190AEC9400A5F073 /* Release */ = {
			isa = XCBuildConfiguration;
			buildSettings = {
				BUNDLE_LOADER = "$(BUILT_PRODUCTS_DIR)/Graffiti App.app/Graffiti App";
				FRAMEWORK_SEARCH_PATHS = (
					"$(SDKROOT)/Developer/Library/Frameworks",
					"$(inherited)",
					"$(DEVELOPER_FRAMEWORKS_DIR)",
				);
				GCC_PRECOMPILE_PREFIX_HEADER = YES;
				GCC_PREFIX_HEADER = "Graffiti App/Graffiti App-Prefix.pch";
				INFOPLIST_FILE = "Graffiti AppTests/Graffiti AppTests-Info.plist";
				PRODUCT_NAME = "$(TARGET_NAME)";
				TEST_HOST = "$(BUNDLE_LOADER)";
				WRAPPER_EXTENSION = xctest;
			};
			name = Release;
		};
/* End XCBuildConfiguration section */

/* Begin XCConfigurationList section */
		E6E41F9F190AEC9400A5F073 /* Build configuration list for PBXProject "Graffiti App" */ = {
			isa = XCConfigurationList;
			buildConfigurations = (
				E6E41FD4190AEC9400A5F073 /* Debug */,
				E6E41FD5190AEC9400A5F073 /* Release */,
			);
			defaultConfigurationIsVisible = 0;
			defaultConfigurationName = Release;
		};
		E6E41FD6190AEC9400A5F073 /* Build configuration list for PBXNativeTarget "Graffiti App" */ = {
			isa = XCConfigurationList;
			buildConfigurations = (
				E6E41FD7190AEC9400A5F073 /* Debug */,
				E6E41FD8190AEC9400A5F073 /* Release */,
			);
			defaultConfigurationIsVisible = 0;
			defaultConfigurationName = Release;
		};
		E6E41FD9190AEC9400A5F073 /* Build configuration list for PBXNativeTarget "Graffiti AppTests" */ = {
			isa = XCConfigurationList;
			buildConfigurations = (
				E6E41FDA190AEC9400A5F073 /* Debug */,
				E6E41FDB190AEC9400A5F073 /* Release */,
			);
			defaultConfigurationIsVisible = 0;
			defaultConfigurationName = Release;
		};
/* End XCConfigurationList section */
	};
	rootObject = E6E41F9C190AEC9400A5F073 /* Project object */;
}
